
Microsoft Visual Studio Solution File, Format Version 12.00
# Visual Studio Version 16
Project("{2150E333-8FDC-42A3-9474-1A3956D46DE8}") = "Solution Items", "Solution Items", "{4753DDB6-1168-4785-9400-75A28AB654C8}"
	ProjectSection(SolutionItems) = preProject
		Directory.Build.props = Directory.Build.props
		.editorconfig = .editorconfig
		README.md = README.md
	EndProjectSection
EndProject
Project("{2150E333-8FDC-42A3-9474-1A3956D46DE8}") = "Tests", "Tests", "{C71FE7ED-1EAC-4644-8675-E7DFF78E5BB5}"
EndProject
Project("{FAE04EC0-301F-11D3-BF4B-00C04F79EFBC}") = "Segerfeldt.EventStore.Source", "Segerfeldt.EventStore.Source\Segerfeldt.EventStore.Source.csproj", "{291B366A-E774-469C-87B2-67BFB056DCD5}"
EndProject
Project("{FAE04EC0-301F-11D3-BF4B-00C04F79EFBC}") = "Segerfeldt.EventStore.Source.Tests", "Tests\Segerfeldt.EventStore.Source.Tests\Segerfeldt.EventStore.Source.Tests.csproj", "{4428506E-E739-4DBB-9FAA-0E2FEDE4F4E7}"
EndProject
Project("{FAE04EC0-301F-11D3-BF4B-00C04F79EFBC}") = "Segerfeldt.EventStore.Projection.Tests", "Tests\Segerfeldt.EventStore.Projection.Tests\Segerfeldt.EventStore.Projection.Tests.csproj", "{0D622C2D-7D3A-499A-B1CD-C819F7787F4E}"
EndProject
Project("{FAE04EC0-301F-11D3-BF4B-00C04F79EFBC}") = "Segerfeldt.EventStore.Projection", "Segerfeldt.EventStore.Projection\Segerfeldt.EventStore.Projection.csproj", "{43540C62-F722-4748-A7DF-48ED44EE0924}"
EndProject
Project("{2150E333-8FDC-42A3-9474-1A3956D46DE8}") = "Apps", "Apps", "{F1CC1632-5BAF-486F-AE4F-12DBAB652B1E}"
EndProject
Project("{FAE04EC0-301F-11D3-BF4B-00C04F79EFBC}") = "ProjectionWebApplication", "Apps\ProjectionWebApplication\ProjectionWebApplication.csproj", "{C2174C2A-B3B6-4B71-B204-93B6AF38FB13}"
EndProject
Project("{FAE04EC0-301F-11D3-BF4B-00C04F79EFBC}") = "SourceConsoleApp", "Apps\SourceConsoleApp\SourceConsoleApp.csproj", "{372637BF-B12C-4DE1-A24A-E49835893957}"
EndProject
Project("{FAE04EC0-301F-11D3-BF4B-00C04F79EFBC}") = "Segerfeldt.EventStore.Source.NUnit", "Segerfeldt.EventStore.Source.NUnit\Segerfeldt.EventStore.Source.NUnit.csproj", "{8E721FA2-BC35-437F-AB82-3AE89A72F151}"
EndProject
Project("{FAE04EC0-301F-11D3-BF4B-00C04F79EFBC}") = "ProjectionWebApplicationTests", "Tests\ProjectionWebApplicationTests\ProjectionWebApplicationTests.csproj", "{28ADC19F-26E1-4B9B-ACD1-0A5BDE09447D}"
EndProject
Project("{FAE04EC0-301F-11D3-BF4B-00C04F79EFBC}") = "Segerfeldt.EventStore.Projection.NUnit", "Segerfeldt.EventStore.Projection.NUnit\Segerfeldt.EventStore.Projection.NUnit.csproj", "{A7E664CB-DB3F-45D5-BB89-6FFF66D70641}"
EndProject
Project("{FAE04EC0-301F-11D3-BF4B-00C04F79EFBC}") = "SourceWebApplication", "Apps\SourceWebApplication\SourceWebApplication.csproj", "{DB7A1DAB-39AA-446A-8DFA-4142CEF6BDAF}"
EndProject
Project("{FAE04EC0-301F-11D3-BF4B-00C04F79EFBC}") = "Segerfeldt.EventStore.Source.NUnit.Tests", "Tests\Segerfeldt.EventStore.Source.NUnit.Tests\Segerfeldt.EventStore.Source.NUnit.Tests.csproj", "{0FC836B7-3695-4D41-870B-B2610AFA2C6B}"
EndProject
Project("{FAE04EC0-301F-11D3-BF4B-00C04F79EFBC}") = "Segerfeldt.EventStore.Projection.NUnit.Tests", "Tests\Segerfeldt.EventStore.Projection.NUnit.Tests\Segerfeldt.EventStore.Projection.NUnit.Tests.csproj", "{9A5494B3-5716-4A04-882E-0822E21DE783}"
EndProject
Global
	GlobalSection(SolutionConfigurationPlatforms) = preSolution
		Debug|Any CPU = Debug|Any CPU
		Release|Any CPU = Release|Any CPU
	EndGlobalSection
	GlobalSection(ProjectConfigurationPlatforms) = postSolution
		{291B366A-E774-469C-87B2-67BFB056DCD5}.Debug|Any CPU.ActiveCfg = Debug|Any CPU
		{291B366A-E774-469C-87B2-67BFB056DCD5}.Debug|Any CPU.Build.0 = Debug|Any CPU
		{291B366A-E774-469C-87B2-67BFB056DCD5}.Release|Any CPU.ActiveCfg = Release|Any CPU
		{291B366A-E774-469C-87B2-67BFB056DCD5}.Release|Any CPU.Build.0 = Release|Any CPU
		{4428506E-E739-4DBB-9FAA-0E2FEDE4F4E7}.Debug|Any CPU.ActiveCfg = Debug|Any CPU
		{4428506E-E739-4DBB-9FAA-0E2FEDE4F4E7}.Debug|Any CPU.Build.0 = Debug|Any CPU
		{4428506E-E739-4DBB-9FAA-0E2FEDE4F4E7}.Release|Any CPU.ActiveCfg = Release|Any CPU
		{4428506E-E739-4DBB-9FAA-0E2FEDE4F4E7}.Release|Any CPU.Build.0 = Release|Any CPU
		{0D622C2D-7D3A-499A-B1CD-C819F7787F4E}.Debug|Any CPU.ActiveCfg = Debug|Any CPU
		{0D622C2D-7D3A-499A-B1CD-C819F7787F4E}.Debug|Any CPU.Build.0 = Debug|Any CPU
		{0D622C2D-7D3A-499A-B1CD-C819F7787F4E}.Release|Any CPU.ActiveCfg = Release|Any CPU
		{0D622C2D-7D3A-499A-B1CD-C819F7787F4E}.Release|Any CPU.Build.0 = Release|Any CPU
		{43540C62-F722-4748-A7DF-48ED44EE0924}.Debug|Any CPU.ActiveCfg = Debug|Any CPU
		{43540C62-F722-4748-A7DF-48ED44EE0924}.Debug|Any CPU.Build.0 = Debug|Any CPU
		{43540C62-F722-4748-A7DF-48ED44EE0924}.Release|Any CPU.ActiveCfg = Release|Any CPU
		{43540C62-F722-4748-A7DF-48ED44EE0924}.Release|Any CPU.Build.0 = Release|Any CPU
		{C2174C2A-B3B6-4B71-B204-93B6AF38FB13}.Debug|Any CPU.ActiveCfg = Debug|Any CPU
		{C2174C2A-B3B6-4B71-B204-93B6AF38FB13}.Debug|Any CPU.Build.0 = Debug|Any CPU
		{C2174C2A-B3B6-4B71-B204-93B6AF38FB13}.Release|Any CPU.ActiveCfg = Release|Any CPU
		{C2174C2A-B3B6-4B71-B204-93B6AF38FB13}.Release|Any CPU.Build.0 = Release|Any CPU
		{372637BF-B12C-4DE1-A24A-E49835893957}.Debug|Any CPU.ActiveCfg = Debug|Any CPU
		{372637BF-B12C-4DE1-A24A-E49835893957}.Debug|Any CPU.Build.0 = Debug|Any CPU
		{372637BF-B12C-4DE1-A24A-E49835893957}.Release|Any CPU.ActiveCfg = Release|Any CPU
		{372637BF-B12C-4DE1-A24A-E49835893957}.Release|Any CPU.Build.0 = Release|Any CPU
		{8E721FA2-BC35-437F-AB82-3AE89A72F151}.Debug|Any CPU.ActiveCfg = Debug|Any CPU
		{8E721FA2-BC35-437F-AB82-3AE89A72F151}.Debug|Any CPU.Build.0 = Debug|Any CPU
		{8E721FA2-BC35-437F-AB82-3AE89A72F151}.Release|Any CPU.ActiveCfg = Release|Any CPU
		{8E721FA2-BC35-437F-AB82-3AE89A72F151}.Release|Any CPU.Build.0 = Release|Any CPU
		{28ADC19F-26E1-4B9B-ACD1-0A5BDE09447D}.Debug|Any CPU.ActiveCfg = Debug|Any CPU
		{28ADC19F-26E1-4B9B-ACD1-0A5BDE09447D}.Debug|Any CPU.Build.0 = Debug|Any CPU
		{28ADC19F-26E1-4B9B-ACD1-0A5BDE09447D}.Release|Any CPU.ActiveCfg = Release|Any CPU
		{28ADC19F-26E1-4B9B-ACD1-0A5BDE09447D}.Release|Any CPU.Build.0 = Release|Any CPU
		{A7E664CB-DB3F-45D5-BB89-6FFF66D70641}.Debug|Any CPU.ActiveCfg = Debug|Any CPU
		{A7E664CB-DB3F-45D5-BB89-6FFF66D70641}.Debug|Any CPU.Build.0 = Debug|Any CPU
		{A7E664CB-DB3F-45D5-BB89-6FFF66D70641}.Release|Any CPU.ActiveCfg = Release|Any CPU
		{A7E664CB-DB3F-45D5-BB89-6FFF66D70641}.Release|Any CPU.Build.0 = Release|Any CPU
		{DB7A1DAB-39AA-446A-8DFA-4142CEF6BDAF}.Debug|Any CPU.ActiveCfg = Debug|Any CPU
		{DB7A1DAB-39AA-446A-8DFA-4142CEF6BDAF}.Debug|Any CPU.Build.0 = Debug|Any CPU
		{DB7A1DAB-39AA-446A-8DFA-4142CEF6BDAF}.Release|Any CPU.ActiveCfg = Release|Any CPU
		{DB7A1DAB-39AA-446A-8DFA-4142CEF6BDAF}.Release|Any CPU.Build.0 = Release|Any CPU
		{0FC836B7-3695-4D41-870B-B2610AFA2C6B}.Debug|Any CPU.ActiveCfg = Debug|Any CPU
		{0FC836B7-3695-4D41-870B-B2610AFA2C6B}.Debug|Any CPU.Build.0 = Debug|Any CPU
		{0FC836B7-3695-4D41-870B-B2610AFA2C6B}.Release|Any CPU.ActiveCfg = Release|Any CPU
		{0FC836B7-3695-4D41-870B-B2610AFA2C6B}.Release|Any CPU.Build.0 = Release|Any CPU
		{9A5494B3-5716-4A04-882E-0822E21DE783}.Debug|Any CPU.ActiveCfg = Debug|Any CPU
		{9A5494B3-5716-4A04-882E-0822E21DE783}.Debug|Any CPU.Build.0 = Debug|Any CPU
		{9A5494B3-5716-4A04-882E-0822E21DE783}.Release|Any CPU.ActiveCfg = Release|Any CPU
		{9A5494B3-5716-4A04-882E-0822E21DE783}.Release|Any CPU.Build.0 = Release|Any CPU
	EndGlobalSection
	GlobalSection(NestedProjects) = preSolution
		{4428506E-E739-4DBB-9FAA-0E2FEDE4F4E7} = {C71FE7ED-1EAC-4644-8675-E7DFF78E5BB5}
		{0D622C2D-7D3A-499A-B1CD-C819F7787F4E} = {C71FE7ED-1EAC-4644-8675-E7DFF78E5BB5}
		{C2174C2A-B3B6-4B71-B204-93B6AF38FB13} = {F1CC1632-5BAF-486F-AE4F-12DBAB652B1E}
		{372637BF-B12C-4DE1-A24A-E49835893957} = {F1CC1632-5BAF-486F-AE4F-12DBAB652B1E}
		{28ADC19F-26E1-4B9B-ACD1-0A5BDE09447D} = {C71FE7ED-1EAC-4644-8675-E7DFF78E5BB5}
		{DB7A1DAB-39AA-446A-8DFA-4142CEF6BDAF} = {F1CC1632-5BAF-486F-AE4F-12DBAB652B1E}
		{0FC836B7-3695-4D41-870B-B2610AFA2C6B} = {C71FE7ED-1EAC-4644-8675-E7DFF78E5BB5}
		{9A5494B3-5716-4A04-882E-0822E21DE783} = {C71FE7ED-1EAC-4644-8675-E7DFF78E5BB5}
	EndGlobalSection
EndGlobal
